
Microsoft Visual Studio Solution File, Format Version 12.00
# Visual Studio Version 16
VisualStudioVersion = 16.0.31624.102
MinimumVisualStudioVersion = 10.0.40219.1
Project("{FAE04EC0-301F-11D3-BF4B-00C04F79EFBC}") = "AbstractClass", "AbstractClass\AbstractClass.csproj", "{D935E93C-8953-4F57-8A46-17886E657CD7}"
EndProject
Global
	GlobalSection(SolutionConfigurationPlatforms) = preSolution
		Debug|Any CPU = Debug|Any CPU
		Release|Any CPU = Release|Any CPU
	EndGlobalSection
	GlobalSection(ProjectConfigurationPlatforms) = postSolution
		{D935E93C-8953-4F57-8A46-17886E657CD7}.Debug|Any CPU.ActiveCfg = Debug|Any CPU
		{D935E93C-8953-4F57-8A46-17886E657CD7}.Debug|Any CPU.Build.0 = Debug|Any CPU
		{D935E93C-8953-4F57-8A46-17886E657CD7}.Release|Any CPU.ActiveCfg = Release|Any CPU
		{D935E93C-8953-4F57-8A46-17886E657CD7}.Release|Any CPU.Build.0 = Release|Any CPU
	EndGlobalSection
	GlobalSection(SolutionProperties) = preSolution
		HideSolutionNode = FALSE
	EndGlobalSection
	GlobalSection(ExtensibilityGlobals) = postSolution
		SolutionGuid = {1F474A3E-E37D-4745-B8CC-D5CEB59844D5}
	EndGlobalSection
EndGlobal
